
Microsoft Visual Studio Solution File, Format Version 12.00
# Visual Studio Version 17
VisualStudioVersion = 17.2.32526.322
MinimumVisualStudioVersion = 10.0.40219.1
Project("{FAE04EC0-301F-11D3-BF4B-00C04F79EFBC}") = "sae_reseau", "sae_reseau\sae_reseau.csproj", "{E53CB33C-D11E-442D-AEA3-4C07A39F3AC0}"
EndProject
Project("{FAE04EC0-301F-11D3-BF4B-00C04F79EFBC}") = "CLassLibrairieBDD", "..\CLassLibrairieBDD\CLassLibrairieBDD\CLassLibrairieBDD.csproj", "{B66CD518-89B4-46A9-A306-6DD14F8139B8}"
EndProject
Global
	GlobalSection(SolutionConfigurationPlatforms) = preSolution
		Debug|Any CPU = Debug|Any CPU
		Release|Any CPU = Release|Any CPU
	EndGlobalSection
	GlobalSection(ProjectConfigurationPlatforms) = postSolution
		{E53CB33C-D11E-442D-AEA3-4C07A39F3AC0}.Debug|Any CPU.ActiveCfg = Debug|Any CPU
		{E53CB33C-D11E-442D-AEA3-4C07A39F3AC0}.Debug|Any CPU.Build.0 = Debug|Any CPU
		{E53CB33C-D11E-442D-AEA3-4C07A39F3AC0}.Release|Any CPU.ActiveCfg = Release|Any CPU
		{E53CB33C-D11E-442D-AEA3-4C07A39F3AC0}.Release|Any CPU.Build.0 = Release|Any CPU
		{B66CD518-89B4-46A9-A306-6DD14F8139B8}.Debug|Any CPU.ActiveCfg = Debug|Any CPU
		{B66CD518-89B4-46A9-A306-6DD14F8139B8}.Debug|Any CPU.Build.0 = Debug|Any CPU
		{B66CD518-89B4-46A9-A306-6DD14F8139B8}.Release|Any CPU.ActiveCfg = Release|Any CPU
		{B66CD518-89B4-46A9-A306-6DD14F8139B8}.Release|Any CPU.Build.0 = Release|Any CPU
	EndGlobalSection
	GlobalSection(SolutionProperties) = preSolution
		HideSolutionNode = FALSE
	EndGlobalSection
	GlobalSection(ExtensibilityGlobals) = postSolution
		SolutionGuid = {A0313D77-F4E7-48FB-A62C-0354CBC6DCA7}
	EndGlobalSection
EndGlobal
